
Microsoft Visual Studio Solution File, Format Version 12.00
# Visual Studio Version 17
VisualStudioVersion = 17.0.31903.59
MinimumVisualStudioVersion = 10.0.40219.1
Project("{FAE04EC0-301F-11D3-BF4B-00C04F79EFBC}") = "Project01", "Project01\Project01.csproj", "{45752AE5-6F6C-44B9-989B-018C1F41B487}"
EndProject
Project("{FAE04EC0-301F-11D3-BF4B-00C04F79EFBC}") = "Project02", "Project02\Project02.csproj", "{CF69ECE1-7BD6-2FB0-67C9-DFD44AAC2585}"
EndProject
Project("{FAE04EC0-301F-11D3-BF4B-00C04F79EFBC}") = "Project03", "Project03\Project03.csproj", "{6C3ABE17-7EBE-4A4C-B2A4-F69F765BF6E5}"
EndProject
Global
	GlobalSection(SolutionConfigurationPlatforms) = preSolution
		Debug|Any CPU = Debug|Any CPU
		Release|Any CPU = Release|Any CPU
	EndGlobalSection
	GlobalSection(ProjectConfigurationPlatforms) = postSolution
		{45752AE5-6F6C-44B9-989B-018C1F41B487}.Debug|Any CPU.ActiveCfg = Debug|Any CPU
		{45752AE5-6F6C-44B9-989B-018C1F41B487}.Debug|Any CPU.Build.0 = Debug|Any CPU
		{45752AE5-6F6C-44B9-989B-018C1F41B487}.Release|Any CPU.ActiveCfg = Release|Any CPU
		{45752AE5-6F6C-44B9-989B-018C1F41B487}.Release|Any CPU.Build.0 = Release|Any CPU
		{CF69ECE1-7BD6-2FB0-67C9-DFD44AAC2585}.Debug|Any CPU.ActiveCfg = Debug|Any CPU
		{CF69ECE1-7BD6-2FB0-67C9-DFD44AAC2585}.Debug|Any CPU.Build.0 = Debug|Any CPU
		{CF69ECE1-7BD6-2FB0-67C9-DFD44AAC2585}.Release|Any CPU.ActiveCfg = Release|Any CPU
		{CF69ECE1-7BD6-2FB0-67C9-DFD44AAC2585}.Release|Any CPU.Build.0 = Release|Any CPU
		{6C3ABE17-7EBE-4A4C-B2A4-F69F765BF6E5}.Debug|Any CPU.ActiveCfg = Debug|Any CPU
		{6C3ABE17-7EBE-4A4C-B2A4-F69F765BF6E5}.Debug|Any CPU.Build.0 = Debug|Any CPU
		{6C3ABE17-7EBE-4A4C-B2A4-F69F765BF6E5}.Release|Any CPU.ActiveCfg = Release|Any CPU
		{6C3ABE17-7EBE-4A4C-B2A4-F69F765BF6E5}.Release|Any CPU.Build.0 = Release|Any CPU
	EndGlobalSection
	GlobalSection(SolutionProperties) = preSolution
		HideSolutionNode = FALSE
	EndGlobalSection
EndGlobal
